
Microsoft Visual Studio Solution File, Format Version 10.00
# Visual Studio 2008
Project("{E24C65DC-7377-472B-9ABA-BC803B73C61A}") = "ABS_GLIFE", "..\ABS_GLIFE", "{0903B32C-BAE4-4BA4-986A-5E7E7972E7D8}"
	ProjectSection(WebsiteProperties) = preProject
		TargetFramework = "3.5"
		ProjectReferences = "{1D0DD8B1-BCD3-4F14-A739-F494BF20A748}|CustodianGroupLife.Data.dll;{037974EC-DF31-4F67-87D1-9FC813FF1A65}|CustodianGroupLife.Model.dll;{A0449BEB-B782-4960-9CD6-155750C3CBA3}|CustodianGroupLife.Repositories.dll;"
		Debug.AspNetCompiler.VirtualPath = "/PKG_ABS_GLIFE"
		Debug.AspNetCompiler.PhysicalPath = "..\ABS_GLIFE\"
		Debug.AspNetCompiler.TargetPath = "..\ABSW_PACKAGE\PKG_ABS_GLIFE\"
		Debug.AspNetCompiler.Updateable = "true"
		Debug.AspNetCompiler.ForceOverwrite = "true"
		Debug.AspNetCompiler.FixedNames = "false"
		Debug.AspNetCompiler.Debug = "True"
		Release.AspNetCompiler.VirtualPath = "/PKG_ABS_GLIFE"
		Release.AspNetCompiler.PhysicalPath = "..\ABS_GLIFE\"
		Release.AspNetCompiler.TargetPath = "..\ABSW_PACKAGE\PKG_ABS_GLIFE\"
		Release.AspNetCompiler.Updateable = "true"
		Release.AspNetCompiler.ForceOverwrite = "true"
		Release.AspNetCompiler.FixedNames = "false"
		Release.AspNetCompiler.Debug = "False"
		VWDPort = "45495"
		DefaultWebSiteLanguage = "Visual Basic"
	EndProjectSection
EndProject
Project("{FAE04EC0-301F-11D3-BF4B-00C04F79EFBC}") = "CustodianGroupLife.Data", "..\CustodianGroupLife.Data\CustodianGroupLife.Data.csproj", "{1D0DD8B1-BCD3-4F14-A739-F494BF20A748}"
EndProject
Project("{FAE04EC0-301F-11D3-BF4B-00C04F79EFBC}") = "CustodianGroupLife.Repositories", "..\CustodianGroupLife.Repositories\CustodianGroupLife.Repositories.csproj", "{A0449BEB-B782-4960-9CD6-155750C3CBA3}"
EndProject
Project("{FAE04EC0-301F-11D3-BF4B-00C04F79EFBC}") = "CustodianGroupLife.Model", "..\CustodianGroupLife.Model\CustodianGroupLife.Model.csproj", "{037974EC-DF31-4F67-87D1-9FC813FF1A65}"
EndProject
Global
	GlobalSection(SolutionConfigurationPlatforms) = preSolution
		Debug|.NET = Debug|.NET
		Debug|Any CPU = Debug|Any CPU
		Release|.NET = Release|.NET
		Release|Any CPU = Release|Any CPU
	EndGlobalSection
	GlobalSection(ProjectConfigurationPlatforms) = postSolution
		{0903B32C-BAE4-4BA4-986A-5E7E7972E7D8}.Debug|.NET.ActiveCfg = Debug|Any CPU
		{0903B32C-BAE4-4BA4-986A-5E7E7972E7D8}.Debug|.NET.Build.0 = Debug|Any CPU
		{0903B32C-BAE4-4BA4-986A-5E7E7972E7D8}.Debug|Any CPU.ActiveCfg = Debug|Any CPU
		{0903B32C-BAE4-4BA4-986A-5E7E7972E7D8}.Debug|Any CPU.Build.0 = Debug|Any CPU
		{0903B32C-BAE4-4BA4-986A-5E7E7972E7D8}.Release|.NET.ActiveCfg = Debug|.NET
		{0903B32C-BAE4-4BA4-986A-5E7E7972E7D8}.Release|.NET.Build.0 = Debug|.NET
		{0903B32C-BAE4-4BA4-986A-5E7E7972E7D8}.Release|Any CPU.ActiveCfg = Debug|.NET
		{1D0DD8B1-BCD3-4F14-A739-F494BF20A748}.Debug|.NET.ActiveCfg = Debug|Any CPU
		{1D0DD8B1-BCD3-4F14-A739-F494BF20A748}.Debug|.NET.Build.0 = Debug|Any CPU
		{1D0DD8B1-BCD3-4F14-A739-F494BF20A748}.Debug|Any CPU.ActiveCfg = Debug|Any CPU
		{1D0DD8B1-BCD3-4F14-A739-F494BF20A748}.Debug|Any CPU.Build.0 = Debug|Any CPU
		{1D0DD8B1-BCD3-4F14-A739-F494BF20A748}.Release|.NET.ActiveCfg = Release|Any CPU
		{1D0DD8B1-BCD3-4F14-A739-F494BF20A748}.Release|Any CPU.ActiveCfg = Release|Any CPU
		{1D0DD8B1-BCD3-4F14-A739-F494BF20A748}.Release|Any CPU.Build.0 = Release|Any CPU
		{A0449BEB-B782-4960-9CD6-155750C3CBA3}.Debug|.NET.ActiveCfg = Debug|Any CPU
		{A0449BEB-B782-4960-9CD6-155750C3CBA3}.Debug|.NET.Build.0 = Debug|Any CPU
		{A0449BEB-B782-4960-9CD6-155750C3CBA3}.Debug|Any CPU.ActiveCfg = Debug|Any CPU
		{A0449BEB-B782-4960-9CD6-155750C3CBA3}.Debug|Any CPU.Build.0 = Debug|Any CPU
		{A0449BEB-B782-4960-9CD6-155750C3CBA3}.Release|.NET.ActiveCfg = Release|Any CPU
		{A0449BEB-B782-4960-9CD6-155750C3CBA3}.Release|Any CPU.ActiveCfg = Release|Any CPU
		{A0449BEB-B782-4960-9CD6-155750C3CBA3}.Release|Any CPU.Build.0 = Release|Any CPU
		{037974EC-DF31-4F67-87D1-9FC813FF1A65}.Debug|.NET.ActiveCfg = Debug|Any CPU
		{037974EC-DF31-4F67-87D1-9FC813FF1A65}.Debug|.NET.Build.0 = Debug|Any CPU
		{037974EC-DF31-4F67-87D1-9FC813FF1A65}.Debug|Any CPU.ActiveCfg = Debug|Any CPU
		{037974EC-DF31-4F67-87D1-9FC813FF1A65}.Debug|Any CPU.Build.0 = Debug|Any CPU
		{037974EC-DF31-4F67-87D1-9FC813FF1A65}.Release|.NET.ActiveCfg = Release|Any CPU
		{037974EC-DF31-4F67-87D1-9FC813FF1A65}.Release|Any CPU.ActiveCfg = Release|Any CPU
		{037974EC-DF31-4F67-87D1-9FC813FF1A65}.Release|Any CPU.Build.0 = Release|Any CPU
	EndGlobalSection
	GlobalSection(SolutionProperties) = preSolution
		HideSolutionNode = FALSE
	EndGlobalSection
EndGlobal
